
Microsoft Visual Studio Solution File, Format Version 12.00
# Visual Studio Version 16
VisualStudioVersion = 16.0.29230.47
MinimumVisualStudioVersion = 10.0.40219.1
Project("{FAE04EC0-301F-11D3-BF4B-00C04F79EFBC}") = "VacancyRssFeedService", "VacancyRssFeedService\VacancyRssFeedService.csproj", "{C1C97B48-10D0-4E25-9941-325355A85C9B}"
EndProject
Project("{2150E333-8FDC-42A3-9474-1A3956D46DE8}") = "Solution", "Solution", "{B67626C4-5E12-43DA-B348-FBCBEBDBDDF2}"
	ProjectSection(SolutionItems) = preProject
		.gitignore = .gitignore
		CODEOWNERS = CODEOWNERS
		LICENSE = LICENSE
		README.md = README.md
	EndProjectSection
EndProject
Project("{FAE04EC0-301F-11D3-BF4B-00C04F79EFBC}") = "SFA.FindApprenticeship.Rss.UnitTests", "SFA.FindApprenticeship.Rss.UnitTests\SFA.FindApprenticeship.Rss.UnitTests.csproj", "{1B1873A3-4674-4296-85DA-B1A3998EA3A6}"
EndProject
Global
	GlobalSection(SolutionConfigurationPlatforms) = preSolution
		Debug|Any CPU = Debug|Any CPU
		Release|Any CPU = Release|Any CPU
	EndGlobalSection
	GlobalSection(ProjectConfigurationPlatforms) = postSolution
		{C1C97B48-10D0-4E25-9941-325355A85C9B}.Debug|Any CPU.ActiveCfg = Debug|Any CPU
		{C1C97B48-10D0-4E25-9941-325355A85C9B}.Debug|Any CPU.Build.0 = Debug|Any CPU
		{C1C97B48-10D0-4E25-9941-325355A85C9B}.Release|Any CPU.ActiveCfg = Release|Any CPU
		{C1C97B48-10D0-4E25-9941-325355A85C9B}.Release|Any CPU.Build.0 = Release|Any CPU
		{1B1873A3-4674-4296-85DA-B1A3998EA3A6}.Debug|Any CPU.ActiveCfg = Debug|Any CPU
		{1B1873A3-4674-4296-85DA-B1A3998EA3A6}.Debug|Any CPU.Build.0 = Debug|Any CPU
		{1B1873A3-4674-4296-85DA-B1A3998EA3A6}.Release|Any CPU.ActiveCfg = Release|Any CPU
		{1B1873A3-4674-4296-85DA-B1A3998EA3A6}.Release|Any CPU.Build.0 = Release|Any CPU
	EndGlobalSection
	GlobalSection(SolutionProperties) = preSolution
		HideSolutionNode = FALSE
	EndGlobalSection
	GlobalSection(ExtensibilityGlobals) = postSolution
		SolutionGuid = {3DD4C33B-4215-4E83-B7AC-ED836406C1B5}
	EndGlobalSection
EndGlobal
